
Microsoft Visual Studio Solution File, Format Version 12.00
# Visual Studio 15
VisualStudioVersion = 15.0.26228.4
MinimumVisualStudioVersion = 10.0.40219.1
Project("{FAE04EC0-301F-11D3-BF4B-00C04F79EFBC}") = "20190505", "20190505\20190505.csproj", "{FDEC42C7-541E-4878-9222-30684CFC4232}"
EndProject
Global
	GlobalSection(SolutionConfigurationPlatforms) = preSolution
		Debug|Any CPU = Debug|Any CPU
		Release|Any CPU = Release|Any CPU
	EndGlobalSection
	GlobalSection(ProjectConfigurationPlatforms) = postSolution
		{FDEC42C7-541E-4878-9222-30684CFC4232}.Debug|Any CPU.ActiveCfg = Debug|Any CPU
		{FDEC42C7-541E-4878-9222-30684CFC4232}.Debug|Any CPU.Build.0 = Debug|Any CPU
		{FDEC42C7-541E-4878-9222-30684CFC4232}.Release|Any CPU.ActiveCfg = Release|Any CPU
		{FDEC42C7-541E-4878-9222-30684CFC4232}.Release|Any CPU.Build.0 = Release|Any CPU
	EndGlobalSection
	GlobalSection(SolutionProperties) = preSolution
		HideSolutionNode = FALSE
	EndGlobalSection
EndGlobal
